PODS:
  - AffiseAttributionLib (1.0.7)

DEPENDENCIES:
  - AffiseAttributionLib (from `./../`)

EXTERNAL SOURCES:
  AffiseAttributionLib:
    :path: "./../"

SPEC CHECKSUMS:
  AffiseAttributionLib: 1d0e6ac1bbd817884038d0595225713d893c9d70

PODFILE CHECKSUM: 289e27b61b6c2279bc69c21446a740bfef68ad42

COCOAPODS: 1.11.3
