PODS:
  - AffiseAttributionLib (1.0.6)

DEPENDENCIES:
  - AffiseAttributionLib (from `./../`)

EXTERNAL SOURCES:
  AffiseAttributionLib:
    :path: "./../"

SPEC CHECKSUMS:
  AffiseAttributionLib: eefb1c5ef2281d4b19e25b4fb83914594c517af1

PODFILE CHECKSUM: ea8b87fc23928a807924c3389d818eaea992bc2f

COCOAPODS: 1.11.3
