PODS:
  - AffiseAttributionLib (1.0.8)

DEPENDENCIES:
  - AffiseAttributionLib (from `./../`)

EXTERNAL SOURCES:
  AffiseAttributionLib:
    :path: "./../"

SPEC CHECKSUMS:
  AffiseAttributionLib: a6ae0ce55a4ac76cfd1b6a96b2df987355bee11f

PODFILE CHECKSUM: 289e27b61b6c2279bc69c21446a740bfef68ad42

COCOAPODS: 1.11.3
